
Microsoft Visual Studio Solution File, Format Version 12.00
# Visual Studio 15
VisualStudioVersion = 15.0.27004.2005
MinimumVisualStudioVersion = 10.0.40219.1
Project("{FAE04EC0-301F-11D3-BF4B-00C04F79EFBC}") = "Lesson6", "Lesson6\Lesson6.csproj", "{EAB70F68-E2BE-400A-BAC8-CC575EA08887}"
EndProject
Global
	GlobalSection(SolutionConfigurationPlatforms) = preSolution
		Debug|Any CPU = Debug|Any CPU
		Release|Any CPU = Release|Any CPU
	EndGlobalSection
	GlobalSection(ProjectConfigurationPlatforms) = postSolution
		{EAB70F68-E2BE-400A-BAC8-CC575EA08887}.Debug|Any CPU.ActiveCfg = Debug|Any CPU
		{EAB70F68-E2BE-400A-BAC8-CC575EA08887}.Debug|Any CPU.Build.0 = Debug|Any CPU
		{EAB70F68-E2BE-400A-BAC8-CC575EA08887}.Release|Any CPU.ActiveCfg = Release|Any CPU
		{EAB70F68-E2BE-400A-BAC8-CC575EA08887}.Release|Any CPU.Build.0 = Release|Any CPU
	EndGlobalSection
	GlobalSection(SolutionProperties) = preSolution
		HideSolutionNode = FALSE
	EndGlobalSection
	GlobalSection(ExtensibilityGlobals) = postSolution
		SolutionGuid = {2A680072-2F70-4042-990E-15BE20AACE6A}
	EndGlobalSection
EndGlobal
